// !$*UTF8*$!
{
	archiveVersion = 1;
	classes = {
	};
	objectVersion = 46;
	objects = {

/* Begin PBXBuildFile section */
		F94062981C250FA300DB8536 /* AppDelegate.swift in Sources */ = {isa = PBXBuildFile; fileRef = F94062971C250FA300DB8536 /* AppDelegate.swift */; };
		F940629A1C250FA300DB8536 /* ViewController.swift in Sources */ = {isa = PBXBuildFile; fileRef = F94062991C250FA300DB8536 /* ViewController.swift */; };
		F940629D1C250FA300DB8536 /* Main.storyboard in Resources */ = {isa = PBXBuildFile; fileRef = F940629B1C250FA300DB8536 /* Main.storyboard */; };
		F940629F1C250FA300DB8536 /* Assets.xcassets in Resources */ = {isa = PBXBuildFile; fileRef = F940629E1C250FA300DB8536 /* Assets.xcassets */; };
		F94062A21C250FA300DB8536 /* LaunchScreen.storyboard in Resources */ = {isa = PBXBuildFile; fileRef = F94062A01C250FA300DB8536 /* LaunchScreen.storyboard */; };
		F94062AA1C25133E00DB8536 /* pokemon.csv in Resources */ = {isa = PBXBuildFile; fileRef = F94062A91C25133E00DB8536 /* pokemon.csv */; };
		F94062AD1C25147200DB8536 /* Pokemon.swift in Sources */ = {isa = PBXBuildFile; fileRef = F94062AC1C25147200DB8536 /* Pokemon.swift */; };
		F94062B21C251D2D00DB8536 /* PokeCell.swift in Sources */ = {isa = PBXBuildFile; fileRef = F94062B11C251D2D00DB8536 /* PokeCell.swift */; };
		F94062B41C2531EC00DB8536 /* csv.swift in Sources */ = {isa = PBXBuildFile; fileRef = F94062B31C2531EC00DB8536 /* csv.swift */; };
		F9E301E21C2655BA00B363AD /* pokemonfont.ttf in Resources */ = {isa = PBXBuildFile; fileRef = F9E301E11C2655BA00B363AD /* pokemonfont.ttf */; };
		F9E301E41C265AC900B363AD /* music.mp3 in Resources */ = {isa = PBXBuildFile; fileRef = F9E301E31C265AC900B363AD /* music.mp3 */; };
		F9E301E81C26725700B363AD /* PokemonDetailVC.swift in Sources */ = {isa = PBXBuildFile; fileRef = F9E301E71C26725700B363AD /* PokemonDetailVC.swift */; };
/* End PBXBuildFile section */

/* Begin PBXFileReference section */
		F94062941C250FA300DB8536 /* pokedex.app */ = {isa = PBXFileReference; explicitFileType = wrapper.application; includeInIndex = 0; path = pokedex.app; sourceTree = BUILT_PRODUCTS_DIR; };
		F94062971C250FA300DB8536 /* AppDelegate.swift */ = {isa = PBXFileReference; lastKnownFileType = sourcecode.swift; path = AppDelegate.swift; sourceTree = "<group>"; };
		F94062991C250FA300DB8536 /* ViewController.swift */ = {isa = PBXFileReference; lastKnownFileType = sourcecode.swift; path = ViewController.swift; sourceTree = "<group>"; };
		F940629C1C250FA300DB8536 /* Base */ = {isa = PBXFileReference; lastKnownFileType = file.storyboard; name = Base; path = Base.lproj/Main.storyboard; sourceTree = "<group>"; };
		F940629E1C250FA300DB8536 /* Assets.xcassets */ = {isa = PBXFileReference; lastKnownFileType = folder.assetcatalog; path = Assets.xcassets; sourceTree = "<group>"; };
		F94062A11C250FA300DB8536 /* Base */ = {isa = PBXFileReference; lastKnownFileType = file.storyboard; name = Base; path = Base.lproj/LaunchScreen.storyboard; sourceTree = "<group>"; };
		F94062A31C250FA300DB8536 /* Info.plist */ = {isa = PBXFileReference; lastKnownFileType = text.plist.xml; path = Info.plist; sourceTree = "<group>"; };
		F94062A91C25133E00DB8536 /* pokemon.csv */ = {isa = PBXFileReference; fileEncoding = 4; lastKnownFileType = text; path = pokemon.csv; sourceTree = "<group>"; };
		F94062AC1C25147200DB8536 /* Pokemon.swift */ = {isa = PBXFileReference; fileEncoding = 4; lastKnownFileType = sourcecode.swift; path = Pokemon.swift; sourceTree = "<group>"; };
		F94062B11C251D2D00DB8536 /* PokeCell.swift */ = {isa = PBXFileReference; fileEncoding = 4; lastKnownFileType = sourcecode.swift; path = PokeCell.swift; sourceTree = "<group>"; };
		F94062B31C2531EC00DB8536 /* csv.swift */ = {isa = PBXFileReference; fileEncoding = 4; lastKnownFileType = sourcecode.swift; path = csv.swift; sourceTree = "<group>"; };
		F9E301E11C2655BA00B363AD /* pokemonfont.ttf */ = {isa = PBXFileReference; lastKnownFileType = file; path = pokemonfont.ttf; sourceTree = "<group>"; };
		F9E301E31C265AC900B363AD /* music.mp3 */ = {isa = PBXFileReference; lastKnownFileType = audio.mp3; path = music.mp3; sourceTree = "<group>"; };
		F9E301E71C26725700B363AD /* PokemonDetailVC.swift */ = {isa = PBXFileReference; fileEncoding = 4; lastKnownFileType = sourcecode.swift; path = PokemonDetailVC.swift; sourceTree = "<group>"; };
/* End PBXFileReference section */

/* Begin PBXFrameworksBuildPhase section */
		F94062911C250FA300DB8536 /* Frameworks */ = {
			isa = PBXFrameworksBuildPhase;
			buildActionMask = 2147483647;
			files = (
			);
			runOnlyForDeploymentPostprocessing = 0;
		};
/* End PBXFrameworksBuildPhase section */

/* Begin PBXGroup section */
		F940628B1C250FA300DB8536 = {
			isa = PBXGroup;
			children = (
				F94062961C250FA300DB8536 /* pokedex */,
				F94062951C250FA300DB8536 /* Products */,
			);
			sourceTree = "<group>";
		};
		F94062951C250FA300DB8536 /* Products */ = {
			isa = PBXGroup;
			children = (
				F94062941C250FA300DB8536 /* pokedex.app */,
			);
			name = Products;
			sourceTree = "<group>";
		};
		F94062961C250FA300DB8536 /* pokedex */ = {
			isa = PBXGroup;
			children = (
				F94062AB1C25145900DB8536 /* Model */,
				F94062AE1C251C9A00DB8536 /* View */,
				F94062B61C25322F00DB8536 /* Controller */,
				F94062B51C25320100DB8536 /* Util */,
				F94062B71C25323F00DB8536 /* Resources */,
				F94062971C250FA300DB8536 /* AppDelegate.swift */,
				F940629B1C250FA300DB8536 /* Main.storyboard */,
				F940629E1C250FA300DB8536 /* Assets.xcassets */,
				F94062A01C250FA300DB8536 /* LaunchScreen.storyboard */,
				F94062A31C250FA300DB8536 /* Info.plist */,
			);
			path = pokedex;
			sourceTree = "<group>";
		};
		F94062AB1C25145900DB8536 /* Model */ = {
			isa = PBXGroup;
			children = (
				F94062AC1C25147200DB8536 /* Pokemon.swift */,
			);
			name = Model;
			sourceTree = "<group>";
		};
		F94062AE1C251C9A00DB8536 /* View */ = {
			isa = PBXGroup;
			children = (
				F94062B11C251D2D00DB8536 /* PokeCell.swift */,
			);
			name = View;
			sourceTree = "<group>";
		};
		F94062B51C25320100DB8536 /* Util */ = {
			isa = PBXGroup;
			children = (
				F94062B31C2531EC00DB8536 /* csv.swift */,
			);
			name = Util;
			sourceTree = "<group>";
		};
		F94062B61C25322F00DB8536 /* Controller */ = {
			isa = PBXGroup;
			children = (
				F94062991C250FA300DB8536 /* ViewController.swift */,
				F9E301E71C26725700B363AD /* PokemonDetailVC.swift */,
			);
			name = Controller;
			sourceTree = "<group>";
		};
		F94062B71C25323F00DB8536 /* Resources */ = {
			isa = PBXGroup;
			children = (
				F9E301E11C2655BA00B363AD /* pokemonfont.ttf */,
				F94062A91C25133E00DB8536 /* pokemon.csv */,
				F9E301E31C265AC900B363AD /* music.mp3 */,
			);
			name = Resources;
			sourceTree = "<group>";
		};
/* End PBXGroup section */

/* Begin PBXNativeTarget section */
		F94062931C250FA300DB8536 /* pokedex */ = {
			isa = PBXNativeTarget;
			buildConfigurationList = F94062A61C250FA300DB8536 /* Build configuration list for PBXNativeTarget "pokedex" */;
			buildPhases = (
				F94062901C250FA300DB8536 /* Sources */,
				F94062911C250FA300DB8536 /* Frameworks */,
				F94062921C250FA300DB8536 /* Resources */,
			);
			buildRules = (
			);
			dependencies = (
			);
			name = pokedex;
			productName = pokedex;
			productReference = F94062941C250FA300DB8536 /* pokedex.app */;
			productType = "com.apple.product-type.application";
		};
/* End PBXNativeTarget section */

/* Begin PBXProject section */
		F940628C1C250FA300DB8536 /* Project object */ = {
			isa = PBXProject;
			attributes = {
				LastSwiftUpdateCheck = 0720;
				LastUpgradeCheck = 0720;
				ORGANIZATIONNAME = "Jonny B";
				TargetAttributes = {
					F94062931C250FA300DB8536 = {
						CreatedOnToolsVersion = 7.2;
					};
				};
			};
			buildConfigurationList = F940628F1C250FA300DB8536 /* Build configuration list for PBXProject "pokedex" */;
			compatibilityVersion = "Xcode 3.2";
			developmentRegion = English;
			hasScannedForEncodings = 0;
			knownRegions = (
				en,
				Base,
			);
			mainGroup = F940628B1C250FA300DB8536;
			productRefGroup = F94062951C250FA300DB8536 /* Products */;
			projectDirPath = "";
			projectRoot = "";
			targets = (
				F94062931C250FA300DB8536 /* pokedex */,
			);
		};
/* End PBXProject section */

/* Begin PBXResourcesBuildPhase section */
		F94062921C250FA300DB8536 /* Resources */ = {
			isa = PBXResourcesBuildPhase;
			buildActionMask = 2147483647;
			files = (
				F94062A21C250FA300DB8536 /* LaunchScreen.storyboard in Resources */,
				F9E301E21C2655BA00B363AD /* pokemonfont.ttf in Resources */,
				F9E301E41C265AC900B363AD /* music.mp3 in Resources */,
				F940629F1C250FA300DB8536 /* Assets.xcassets in Resources */,
				F94062AA1C25133E00DB8536 /* pokemon.csv in Resources */,
				F940629D1C250FA300DB8536 /* Main.storyboard in Resources */,
			);
			runOnlyForDeploymentPostprocessing = 0;
		};
/* End PBXResourcesBuildPhase section */

/* Begin PBXSourcesBuildPhase section */
		F94062901C250FA300DB8536 /* Sources */ = {
			isa = PBXSourcesBuildPhase;
			buildActionMask = 2147483647;
			files = (
				F94062B21C251D2D00DB8536 /* PokeCell.swift in Sources */,
				F940629A1C250FA300DB8536 /* ViewController.swift in Sources */,
				F94062981C250FA300DB8536 /* AppDelegate.swift in Sources */,
				F9E301E81C26725700B363AD /* PokemonDetailVC.swift in Sources */,
				F94062AD1C25147200DB8536 /* Pokemon.swift in Sources */,
				F94062B41C2531EC00DB8536 /* csv.swift in Sources */,
			);
			runOnlyForDeploymentPostprocessing = 0;
		};
/* End PBXSourcesBuildPhase section */

/* Begin PBXVariantGroup section */
		F940629B1C250FA300DB8536 /* Main.storyboard */ = {
			isa = PBXVariantGroup;
			children = (
				F940629C1C250FA300DB8536 /* Base */,
			);
			name = Main.storyboard;
			sourceTree = "<group>";
		};
		F94062A01C250FA300DB8536 /* LaunchScreen.storyboard */ = {
			isa = PBXVariantGroup;
			children = (
				F94062A11C250FA300DB8536 /* Base */,
			);
			name = LaunchScreen.storyboard;
			sourceTree = "<group>";
		};
/* End PBXVariantGroup section */

/* Begin XCBuildConfiguration section */
		F94062A41C250FA300DB8536 /* Debug */ = {
			isa = XCBuildConfiguration;
			buildSettings = {
				ALWAYS_SEARCH_USER_PATHS = NO;
				CLANG_CXX_LANGUAGE_STANDARD = "gnu++0x";
				CLANG_CXX_LIBRARY = "libc++";
				CLANG_ENABLE_MODULES = YES;
				CLANG_ENABLE_OBJC_ARC = YES;
				CLANG_WARN_BOOL_CONVERSION = YES;
				CLANG_WARN_CONSTANT_CONVERSION = YES;
				CLANG_WARN_DIRECT_OBJC_ISA_USAGE = YES_ERROR;
				CLANG_WARN_EMPTY_BODY = YES;
				CLANG_WARN_ENUM_CONVERSION = YES;
				CLANG_WARN_INT_CONVERSION = YES;
				CLANG_WARN_OBJC_ROOT_CLASS = YES_ERROR;
				CLANG_WARN_UNREACHABLE_CODE = YES;
				CLANG_WARN__DUPLICATE_METHOD_MATCH = YES;
				"CODE_SIGN_IDENTITY[sdk=iphoneos*]" = "iPhone Developer";
				COPY_PHASE_STRIP = NO;
				DEBUG_INFORMATION_FORMAT = dwarf;
				ENABLE_STRICT_OBJC_MSGSEND = YES;
				ENABLE_TESTABILITY = YES;
				GCC_C_LANGUAGE_STANDARD = gnu99;
				GCC_DYNAMIC_NO_PIC = NO;
				GCC_NO_COMMON_BLOCKS = YES;
				GCC_OPTIMIZATION_LEVEL = 0;
				GCC_PREPROCESSOR_DEFINITIONS = (
					"DEBUG=1",
					"$(inherited)",
				);
				GCC_WARN_64_TO_32_BIT_CONVERSION = YES;
				GCC_WARN_ABOUT_RETURN_TYPE = YES_ERROR;
				GCC_WARN_UNDECLARED_SELECTOR = YES;
				GCC_WARN_UNINITIALIZED_AUTOS = YES_AGGRESSIVE;
				GCC_WARN_UNUSED_FUNCTION = YES;
				GCC_WARN_UNUSED_VARIABLE = YES;
				IPHONEOS_DEPLOYMENT_TARGET = 9.2;
				MTL_ENABLE_DEBUG_INFO = YES;
				ONLY_ACTIVE_ARCH = YES;
				SDKROOT = iphoneos;
				SWIFT_OPTIMIZATION_LEVEL = "-Onone";
			};
			name = Debug;
		};
		F94062A51C250FA300DB8536 /* Release */ = {
			isa = XCBuildConfiguration;
			buildSettings = {
				ALWAYS_SEARCH_USER_PATHS = NO;
				CLANG_CXX_LANGUAGE_STANDARD = "gnu++0x";
				CLANG_CXX_LIBRARY = "libc++";
				CLANG_ENABLE_MODULES = YES;
				CLANG_ENABLE_OBJC_ARC = YES;
				CLANG_WARN_BOOL_CONVERSION = YES;
				CLANG_WARN_CONSTANT_CONVERSION = YES;
				CLANG_WARN_DIRECT_OBJC_ISA_USAGE = YES_ERROR;
				CLANG_WARN_EMPTY_BODY = YES;
				CLANG_WARN_ENUM_CONVERSION = YES;
				CLANG_WARN_INT_CONVERSION = YES;
				CLANG_WARN_OBJC_ROOT_CLASS = YES_ERROR;
				CLANG_WARN_UNREACHABLE_CODE = YES;
				CLANG_WARN__DUPLICATE_METHOD_MATCH = YES;
				"CODE_SIGN_IDENTITY[sdk=iphoneos*]" = "iPhone Developer";
				COPY_PHASE_STRIP = NO;
				DEBUG_INFORMATION_FORMAT = "dwarf-with-dsym";
				ENABLE_NS_ASSERTIONS = NO;
				ENABLE_STRICT_OBJC_MSGSEND = YES;
				GCC_C_LANGUAGE_STANDARD = gnu99;
				GCC_NO_COMMON_BLOCKS = YES;
				GCC_WARN_64_TO_32_BIT_CONVERSION = YES;
				GCC_WARN_ABOUT_RETURN_TYPE = YES_ERROR;
				GCC_WARN_UNDECLARED_SELECTOR = YES;
				GCC_WARN_UNINITIALIZED_AUTOS = YES_AGGRESSIVE;
				GCC_WARN_UNUSED_FUNCTION = YES;
				GCC_WARN_UNUSED_VARIABLE = YES;
				IPHONEOS_DEPLOYMENT_TARGET = 9.2;
				MTL_ENABLE_DEBUG_INFO = NO;
				SDKROOT = iphoneos;
				VALIDATE_PRODUCT = YES;
			};
			name = Release;
		};
		F94062A71C250FA300DB8536 /* Debug */ = {
			isa = XCBuildConfiguration;
			buildSettings = {
				ASSETCATALOG_COMPILER_APPICON_NAME = AppIcon;
				INFOPLIST_FILE = pokedex/Info.plist;
				LD_RUNPATH_SEARCH_PATHS = "$(inherited) @executable_path/Frameworks";
				PRODUCT_BUNDLE_IDENTIFIER = self.edu.jonathan.pokedex;
				PRODUCT_NAME = "$(TARGET_NAME)";
			};
			name = Debug;
		};
		F94062A81C250FA300DB8536 /* Release */ = {
			isa = XCBuildConfiguration;
			buildSettings = {
				ASSETCATALOG_COMPILER_APPICON_NAME = AppIcon;
				INFOPLIST_FILE = pokedex/Info.plist;
				LD_RUNPATH_SEARCH_PATHS = "$(inherited) @executable_path/Frameworks";
				PRODUCT_BUNDLE_IDENTIFIER = self.edu.jonathan.pokedex;
				PRODUCT_NAME = "$(TARGET_NAME)";
			};
			name = Release;
		};
/* End XCBuildConfiguration section */

/* Begin XCConfigurationList section */
		F940628F1C250FA300DB8536 /* Build configuration list for PBXProject "pokedex" */ = {
			isa = XCConfigurationList;
			buildConfigurations = (
				F94062A41C250FA300DB8536 /* Debug */,
				F94062A51C250FA300DB8536 /* Release */,
			);
			defaultConfigurationIsVisible = 0;
			defaultConfigurationName = Release;
		};
		F94062A61C250FA300DB8536 /* Build configuration list for PBXNativeTarget "pokedex" */ = {
			isa = XCConfigurationList;
			buildConfigurations = (
				F94062A71C250FA300DB8536 /* Debug */,
				F94062A81C250FA300DB8536 /* Release */,
			);
			defaultConfigurationIsVisible = 0;
			defaultConfigurationName = Release;
		};
/* End XCConfigurationList section */
	};
	rootObject = F940628C1C250FA300DB8536 /* Project object */;
}
